// !$*UTF8*$!
{
	archiveVersion = 1;
	classes = {
	};
	objectVersion = 46;
	objects = {

/* Begin PBXBuildFile section */
		49AFFDF1232A4F23A76D6143 /* libPods.a in Frameworks */ = {isa = PBXBuildFile; fileRef = DA1D6B7D2E3648399EEC2ECE /* libPods.a */; };
		54067D39193E3FDE007C0B78 /* CBHistoryTableViewCell.m in Sources */ = {isa = PBXBuildFile; fileRef = 54067D38193E3FDE007C0B78 /* CBHistoryTableViewCell.m */; };
		5436F3F31921244E00B889D0 /* CashStrapped.xcdatamodeld in Sources */ = {isa = PBXBuildFile; fileRef = 5436F3F11921244E00B889D0 /* CashStrapped.xcdatamodeld */; };
		5436F3F619212B3500B889D0 /* Entry.m in Sources */ = {isa = PBXBuildFile; fileRef = 5436F3F519212B3500B889D0 /* Entry.m */; };
		54B1D3CF191928B000646E9D /* Foundation.framework in Frameworks */ = {isa = PBXBuildFile; fileRef = 54B1D3CE191928B000646E9D /* Foundation.framework */; };
		54B1D3D1191928B000646E9D /* CoreGraphics.framework in Frameworks */ = {isa = PBXBuildFile; fileRef = 54B1D3D0191928B000646E9D /* CoreGraphics.framework */; };
		54B1D3D3191928B000646E9D /* UIKit.framework in Frameworks */ = {isa = PBXBuildFile; fileRef = 54B1D3D2191928B000646E9D /* UIKit.framework */; };
		54B1D3D9191928B000646E9D /* InfoPlist.strings in Resources */ = {isa = PBXBuildFile; fileRef = 54B1D3D7191928B000646E9D /* InfoPlist.strings */; };
		54B1D3DB191928B000646E9D /* main.m in Sources */ = {isa = PBXBuildFile; fileRef = 54B1D3DA191928B000646E9D /* main.m */; };
		54B1D3DF191928B000646E9D /* CBAppDelegate.m in Sources */ = {isa = PBXBuildFile; fileRef = 54B1D3DE191928B000646E9D /* CBAppDelegate.m */; };
		54B1D3E2191928B000646E9D /* Main.storyboard in Resources */ = {isa = PBXBuildFile; fileRef = 54B1D3E0191928B000646E9D /* Main.storyboard */; };
		54B1D3E5191928B000646E9D /* CBMainViewController.m in Sources */ = {isa = PBXBuildFile; fileRef = 54B1D3E4191928B000646E9D /* CBMainViewController.m */; };
		54B1D3E8191928B000646E9D /* CBAddExpenseViewController.m in Sources */ = {isa = PBXBuildFile; fileRef = 54B1D3E7191928B000646E9D /* CBAddExpenseViewController.m */; };
		54B1D3EA191928B000646E9D /* Images.xcassets in Resources */ = {isa = PBXBuildFile; fileRef = 54B1D3E9191928B000646E9D /* Images.xcassets */; };
		54B473D91938F79100048937 /* CBMonthlySummaryDAO.m in Sources */ = {isa = PBXBuildFile; fileRef = 54B473D81938F79100048937 /* CBMonthlySummaryDAO.m */; };
		54B473DC1939036000048937 /* CBHistoryViewController.m in Sources */ = {isa = PBXBuildFile; fileRef = 54B473DB1939036000048937 /* CBHistoryViewController.m */; };
		54B473DF1939072600048937 /* DailySummary.m in Sources */ = {isa = PBXBuildFile; fileRef = 54B473DE1939072600048937 /* DailySummary.m */; };
		54B473E21939072700048937 /* MonthlySummary.m in Sources */ = {isa = PBXBuildFile; fileRef = 54B473E11939072700048937 /* MonthlySummary.m */; };
		54BAF79A19253AC1007B2B90 /* CBDailySummaryDAO.m in Sources */ = {isa = PBXBuildFile; fileRef = 54BAF79919253AC1007B2B90 /* CBDailySummaryDAO.m */; };
		60265B981938FA2000C7DDB9 /* GITextSettingCell.m in Sources */ = {isa = PBXBuildFile; fileRef = 60265B951938FA2000C7DDB9 /* GITextSettingCell.m */; };
		60265B991938FA2000C7DDB9 /* GISwitchSettingCell.m in Sources */ = {isa = PBXBuildFile; fileRef = 60265B971938FA2000C7DDB9 /* GISwitchSettingCell.m */; };
		605C8023192E6B710031413E /* CBDashboardView.m in Sources */ = {isa = PBXBuildFile; fileRef = 605C8022192E6B710031413E /* CBDashboardView.m */; };
		605C8026192E778F0031413E /* CBLabel.m in Sources */ = {isa = PBXBuildFile; fileRef = 605C8025192E778F0031413E /* CBLabel.m */; };
		6079657D193E3D6000A04643 /* BackgroundImage.m in Sources */ = {isa = PBXBuildFile; fileRef = 6079657C193E3D6000A04643 /* BackgroundImage.m */; };
		60796580193E456400A04643 /* NSDate+Utils.m in Sources */ = {isa = PBXBuildFile; fileRef = 6079657F193E456400A04643 /* NSDate+Utils.m */; };
		60A64CE719390C0800DDCF13 /* .gitignore in Resources */ = {isa = PBXBuildFile; fileRef = 60A64CDF19390C0800DDCF13 /* .gitignore */; };
		60A64CE819390C0800DDCF13 /* ObjectiveFlickr.bridgesupport in Resources */ = {isa = PBXBuildFile; fileRef = 60A64CE119390C0800DDCF13 /* ObjectiveFlickr.bridgesupport */; };
		60A64CE919390C0800DDCF13 /* ObjectiveFlickr.m in Sources */ = {isa = PBXBuildFile; fileRef = 60A64CE319390C0800DDCF13 /* ObjectiveFlickr.m */; settings = {COMPILER_FLAGS = "-fno-objc-arc"; }; };
		60A64CEA19390C0800DDCF13 /* OFUtilities.m in Sources */ = {isa = PBXBuildFile; fileRef = 60A64CE519390C0800DDCF13 /* OFUtilities.m */; settings = {COMPILER_FLAGS = "-fno-objc-arc"; }; };
		60A64CEB19390C0800DDCF13 /* README.md in Resources */ = {isa = PBXBuildFile; fileRef = 60A64CE619390C0800DDCF13 /* README.md */; };
		60C53732192A7BCD00F40B05 /* CBSettingsViewController.m in Sources */ = {isa = PBXBuildFile; fileRef = 60C53731192A7BCD00F40B05 /* CBSettingsViewController.m */; };
		60C53735192A8F9D00F40B05 /* UIImage+Colors.m in Sources */ = {isa = PBXBuildFile; fileRef = 60C53734192A8F9D00F40B05 /* UIImage+Colors.m */; };
		60ED43BE194232330093381A /* GISettingsHelper.m in Sources */ = {isa = PBXBuildFile; fileRef = 60ED43BD194232330093381A /* GISettingsHelper.m */; };
		60ED43C1194232DC0093381A /* CBChangeover.m in Sources */ = {isa = PBXBuildFile; fileRef = 60ED43C0194232DC0093381A /* CBChangeover.m */; };
/* End PBXBuildFile section */

/* Begin PBXFileReference section */
		30F1C36DAB764763B1EC594E /* Pods.xcconfig */ = {isa = PBXFileReference; includeInIndex = 1; lastKnownFileType = text.xcconfig; name = Pods.xcconfig; path = Pods/Pods.xcconfig; sourceTree = "<group>"; };
		54067D37193E3FDE007C0B78 /* CBHistoryTableViewCell.h */ = {isa = PBXFileReference; fileEncoding = 4; lastKnownFileType = sourcecode.c.h; path = CBHistoryTableViewCell.h; sourceTree = "<group>"; };
		54067D38193E3FDE007C0B78 /* CBHistoryTableViewCell.m */ = {isa = PBXFileReference; fileEncoding = 4; lastKnownFileType = sourcecode.c.objc; path = CBHistoryTableViewCell.m; sourceTree = "<group>"; };
		5436F3F21921244E00B889D0 /* CashStrapped.xcdatamodel */ = {isa = PBXFileReference; lastKnownFileType = wrapper.xcdatamodel; path = CashStrapped.xcdatamodel; sourceTree = "<group>"; };
		5436F3F419212B3500B889D0 /* Entry.h */ = {isa = PBXFileReference; fileEncoding = 4; lastKnownFileType = sourcecode.c.h; name = Entry.h; path = cashstrapped/Entry.h; sourceTree = SOURCE_ROOT; };
		5436F3F519212B3500B889D0 /* Entry.m */ = {isa = PBXFileReference; fileEncoding = 4; lastKnownFileType = sourcecode.c.objc; name = Entry.m; path = cashstrapped/Entry.m; sourceTree = SOURCE_ROOT; };
		54B1D3CB191928B000646E9D /* cashstrapped.app */ = {isa = PBXFileReference; explicitFileType = wrapper.application; includeInIndex = 0; path = cashstrapped.app; sourceTree = BUILT_PRODUCTS_DIR; };
		54B1D3CE191928B000646E9D /* Foundation.framework */ = {isa = PBXFileReference; lastKnownFileType = wrapper.framework; name = Foundation.framework; path = System/Library/Frameworks/Foundation.framework; sourceTree = SDKROOT; };
		54B1D3D0191928B000646E9D /* CoreGraphics.framework */ = {isa = PBXFileReference; lastKnownFileType = wrapper.framework; name = CoreGraphics.framework; path = System/Library/Frameworks/CoreGraphics.framework; sourceTree = SDKROOT; };
		54B1D3D2191928B000646E9D /* UIKit.framework */ = {isa = PBXFileReference; lastKnownFileType = wrapper.framework; name = UIKit.framework; path = System/Library/Frameworks/UIKit.framework; sourceTree = SDKROOT; };
		54B1D3D6191928B000646E9D /* cashstrapped-Info.plist */ = {isa = PBXFileReference; lastKnownFileType = text.plist.xml; path = "cashstrapped-Info.plist"; sourceTree = "<group>"; };
		54B1D3D8191928B000646E9D /* en */ = {isa = PBXFileReference; lastKnownFileType = text.plist.strings; name = en; path = en.lproj/InfoPlist.strings; sourceTree = "<group>"; };
		54B1D3DA191928B000646E9D /* main.m */ = {isa = PBXFileReference; lastKnownFileType = sourcecode.c.objc; path = main.m; sourceTree = "<group>"; };
		54B1D3DC191928B000646E9D /* cashstrapped-Prefix.pch */ = {isa = PBXFileReference; lastKnownFileType = sourcecode.c.h; path = "cashstrapped-Prefix.pch"; sourceTree = "<group>"; };
		54B1D3DD191928B000646E9D /* CBAppDelegate.h */ = {isa = PBXFileReference; lastKnownFileType = sourcecode.c.h; path = CBAppDelegate.h; sourceTree = "<group>"; };
		54B1D3DE191928B000646E9D /* CBAppDelegate.m */ = {isa = PBXFileReference; lastKnownFileType = sourcecode.c.objc; path = CBAppDelegate.m; sourceTree = "<group>"; };
		54B1D3E1191928B000646E9D /* Base */ = {isa = PBXFileReference; lastKnownFileType = file.storyboard; name = Base; path = Base.lproj/Main.storyboard; sourceTree = "<group>"; };
		54B1D3E3191928B000646E9D /* CBMainViewController.h */ = {isa = PBXFileReference; lastKnownFileType = sourcecode.c.h; path = CBMainViewController.h; sourceTree = "<group>"; };
		54B1D3E4191928B000646E9D /* CBMainViewController.m */ = {isa = PBXFileReference; lastKnownFileType = sourcecode.c.objc; path = CBMainViewController.m; sourceTree = "<group>"; };
		54B1D3E6191928B000646E9D /* CBAddExpenseViewController.h */ = {isa = PBXFileReference; lastKnownFileType = sourcecode.c.h; path = CBAddExpenseViewController.h; sourceTree = "<group>"; };
		54B1D3E7191928B000646E9D /* CBAddExpenseViewController.m */ = {isa = PBXFileReference; lastKnownFileType = sourcecode.c.objc; path = CBAddExpenseViewController.m; sourceTree = "<group>"; };
		54B1D3E9191928B000646E9D /* Images.xcassets */ = {isa = PBXFileReference; lastKnownFileType = folder.assetcatalog; path = Images.xcassets; sourceTree = "<group>"; };
		54B1D3F0191928B000646E9D /* XCTest.framework */ = {isa = PBXFileReference; lastKnownFileType = wrapper.framework; name = XCTest.framework; path = Library/Frameworks/XCTest.framework; sourceTree = DEVELOPER_DIR; };
		54B1D3F8191928B000646E9D /* cashstrappedTests-Info.plist */ = {isa = PBXFileReference; lastKnownFileType = text.plist.xml; path = "cashstrappedTests-Info.plist"; sourceTree = "<group>"; };
		54B1D3FA191928B000646E9D /* en */ = {isa = PBXFileReference; lastKnownFileType = text.plist.strings; name = en; path = en.lproj/InfoPlist.strings; sourceTree = "<group>"; };
		54B1D3FC191928B000646E9D /* cashstrappedTests.m */ = {isa = PBXFileReference; lastKnownFileType = sourcecode.c.objc; path = cashstrappedTests.m; sourceTree = "<group>"; };
		54B473D71938F79100048937 /* CBMonthlySummaryDAO.h */ = {isa = PBXFileReference; fileEncoding = 4; lastKnownFileType = sourcecode.c.h; path = CBMonthlySummaryDAO.h; sourceTree = "<group>"; };
		54B473D81938F79100048937 /* CBMonthlySummaryDAO.m */ = {isa = PBXFileReference; fileEncoding = 4; lastKnownFileType = sourcecode.c.objc; path = CBMonthlySummaryDAO.m; sourceTree = "<group>"; };
		54B473DA1939036000048937 /* CBHistoryViewController.h */ = {isa = PBXFileReference; fileEncoding = 4; lastKnownFileType = sourcecode.c.h; path = CBHistoryViewController.h; sourceTree = "<group>"; };
		54B473DB1939036000048937 /* CBHistoryViewController.m */ = {isa = PBXFileReference; fileEncoding = 4; lastKnownFileType = sourcecode.c.objc; path = CBHistoryViewController.m; sourceTree = "<group>"; };
		54B473DD1939072600048937 /* DailySummary.h */ = {isa = PBXFileReference; fileEncoding = 4; lastKnownFileType = sourcecode.c.h; path = DailySummary.h; sourceTree = "<group>"; };
		54B473DE1939072600048937 /* DailySummary.m */ = {isa = PBXFileReference; fileEncoding = 4; lastKnownFileType = sourcecode.c.objc; path = DailySummary.m; sourceTree = "<group>"; };
		54B473E01939072700048937 /* MonthlySummary.h */ = {isa = PBXFileReference; fileEncoding = 4; lastKnownFileType = sourcecode.c.h; path = MonthlySummary.h; sourceTree = "<group>"; };
		54B473E11939072700048937 /* MonthlySummary.m */ = {isa = PBXFileReference; fileEncoding = 4; lastKnownFileType = sourcecode.c.objc; path = MonthlySummary.m; sourceTree = "<group>"; };
		54BAF79819253AC1007B2B90 /* CBDailySummaryDAO.h */ = {isa = PBXFileReference; fileEncoding = 4; lastKnownFileType = sourcecode.c.h; path = CBDailySummaryDAO.h; sourceTree = "<group>"; };
		54BAF79919253AC1007B2B90 /* CBDailySummaryDAO.m */ = {isa = PBXFileReference; fileEncoding = 4; lastKnownFileType = sourcecode.c.objc; path = CBDailySummaryDAO.m; sourceTree = "<group>"; };
		60265B941938FA2000C7DDB9 /* GITextSettingCell.h */ = {isa = PBXFileReference; fileEncoding = 4; lastKnownFileType = sourcecode.c.h; path = GITextSettingCell.h; sourceTree = "<group>"; };
		60265B951938FA2000C7DDB9 /* GITextSettingCell.m */ = {isa = PBXFileReference; fileEncoding = 4; lastKnownFileType = sourcecode.c.objc; path = GITextSettingCell.m; sourceTree = "<group>"; };
		60265B961938FA2000C7DDB9 /* GISwitchSettingCell.h */ = {isa = PBXFileReference; fileEncoding = 4; lastKnownFileType = sourcecode.c.h; path = GISwitchSettingCell.h; sourceTree = "<group>"; };
		60265B971938FA2000C7DDB9 /* GISwitchSettingCell.m */ = {isa = PBXFileReference; fileEncoding = 4; lastKnownFileType = sourcecode.c.objc; path = GISwitchSettingCell.m; sourceTree = "<group>"; };
		605C8021192E6B710031413E /* CBDashboardView.h */ = {isa = PBXFileReference; fileEncoding = 4; lastKnownFileType = sourcecode.c.h; path = CBDashboardView.h; sourceTree = "<group>"; };
		605C8022192E6B710031413E /* CBDashboardView.m */ = {isa = PBXFileReference; fileEncoding = 4; lastKnownFileType = sourcecode.c.objc; path = CBDashboardView.m; sourceTree = "<group>"; };
		605C8024192E778F0031413E /* CBLabel.h */ = {isa = PBXFileReference; fileEncoding = 4; lastKnownFileType = sourcecode.c.h; path = CBLabel.h; sourceTree = "<group>"; };
		605C8025192E778F0031413E /* CBLabel.m */ = {isa = PBXFileReference; fileEncoding = 4; lastKnownFileType = sourcecode.c.objc; path = CBLabel.m; sourceTree = "<group>"; };
		6079657B193E3D6000A04643 /* BackgroundImage.h */ = {isa = PBXFileReference; fileEncoding = 4; lastKnownFileType = sourcecode.c.h; path = BackgroundImage.h; sourceTree = "<group>"; };
		6079657C193E3D6000A04643 /* BackgroundImage.m */ = {isa = PBXFileReference; fileEncoding = 4; lastKnownFileType = sourcecode.c.objc; path = BackgroundImage.m; sourceTree = "<group>"; };
		6079657E193E456400A04643 /* NSDate+Utils.h */ = {isa = PBXFileReference; fileEncoding = 4; lastKnownFileType = sourcecode.c.h; path = "NSDate+Utils.h"; sourceTree = "<group>"; };
		6079657F193E456400A04643 /* NSDate+Utils.m */ = {isa = PBXFileReference; fileEncoding = 4; lastKnownFileType = sourcecode.c.objc; path = "NSDate+Utils.m"; sourceTree = "<group>"; };
		60A64CDF19390C0800DDCF13 /* .gitignore */ = {isa = PBXFileReference; fileEncoding = 4; lastKnownFileType = text; path = .gitignore; sourceTree = "<group>"; };
		60A64CE119390C0800DDCF13 /* ObjectiveFlickr.bridgesupport */ = {isa = PBXFileReference; fileEncoding = 4; lastKnownFileType = text.xml; path = ObjectiveFlickr.bridgesupport; sourceTree = "<group>"; };
		60A64CE219390C0800DDCF13 /* ObjectiveFlickr.h */ = {isa = PBXFileReference; fileEncoding = 4; lastKnownFileType = sourcecode.c.h; path = ObjectiveFlickr.h; sourceTree = "<group>"; };
		60A64CE319390C0800DDCF13 /* ObjectiveFlickr.m */ = {isa = PBXFileReference; fileEncoding = 4; lastKnownFileType = sourcecode.c.objc; path = ObjectiveFlickr.m; sourceTree = "<group>"; };
		60A64CE419390C0800DDCF13 /* OFUtilities.h */ = {isa = PBXFileReference; fileEncoding = 4; lastKnownFileType = sourcecode.c.h; path = OFUtilities.h; sourceTree = "<group>"; };
		60A64CE519390C0800DDCF13 /* OFUtilities.m */ = {isa = PBXFileReference; fileEncoding = 4; lastKnownFileType = sourcecode.c.objc; path = OFUtilities.m; sourceTree = "<group>"; };
		60A64CE619390C0800DDCF13 /* README.md */ = {isa = PBXFileReference; fileEncoding = 4; lastKnownFileType = text; path = README.md; sourceTree = "<group>"; };
		60C53730192A7BCD00F40B05 /* CBSettingsViewController.h */ = {isa = PBXFileReference; fileEncoding = 4; lastKnownFileType = sourcecode.c.h; path = CBSettingsViewController.h; sourceTree = "<group>"; };
		60C53731192A7BCD00F40B05 /* CBSettingsViewController.m */ = {isa = PBXFileReference; fileEncoding = 4; lastKnownFileType = sourcecode.c.objc; path = CBSettingsViewController.m; sourceTree = "<group>"; };
		60C53733192A8F9D00F40B05 /* UIImage+Colors.h */ = {isa = PBXFileReference; fileEncoding = 4; lastKnownFileType = sourcecode.c.h; path = "UIImage+Colors.h"; sourceTree = "<group>"; };
		60C53734192A8F9D00F40B05 /* UIImage+Colors.m */ = {isa = PBXFileReference; fileEncoding = 4; lastKnownFileType = sourcecode.c.objc; path = "UIImage+Colors.m"; sourceTree = "<group>"; };
		60ED43BC194232330093381A /* GISettingsHelper.h */ = {isa = PBXFileReference; fileEncoding = 4; lastKnownFileType = sourcecode.c.h; path = GISettingsHelper.h; sourceTree = "<group>"; };
		60ED43BD194232330093381A /* GISettingsHelper.m */ = {isa = PBXFileReference; fileEncoding = 4; lastKnownFileType = sourcecode.c.objc; path = GISettingsHelper.m; sourceTree = "<group>"; };
		60ED43BF194232DC0093381A /* CBChangeover.h */ = {isa = PBXFileReference; fileEncoding = 4; lastKnownFileType = sourcecode.c.h; path = CBChangeover.h; sourceTree = "<group>"; };
		60ED43C0194232DC0093381A /* CBChangeover.m */ = {isa = PBXFileReference; fileEncoding = 4; lastKnownFileType = sourcecode.c.objc; path = CBChangeover.m; sourceTree = "<group>"; };
		DA1D6B7D2E3648399EEC2ECE /* libPods.a */ = {isa = PBXFileReference; explicitFileType = archive.ar; includeInIndex = 0; path = libPods.a; sourceTree = BUILT_PRODUCTS_DIR; };
/* End PBXFileReference section */

/* Begin PBXFrameworksBuildPhase section */
		54B1D3C8191928B000646E9D /* Frameworks */ = {
			isa = PBXFrameworksBuildPhase;
			buildActionMask = 2147483647;
			files = (
				54B1D3D1191928B000646E9D /* CoreGraphics.framework in Frameworks */,
				54B1D3D3191928B000646E9D /* UIKit.framework in Frameworks */,
				54B1D3CF191928B000646E9D /* Foundation.framework in Frameworks */,
				49AFFDF1232A4F23A76D6143 /* libPods.a in Frameworks */,
			);
			runOnlyForDeploymentPostprocessing = 0;
		};
/* End PBXFrameworksBuildPhase section */

/* Begin PBXGroup section */
		5436F3F719212B5100B889D0 /* Model */ = {
			isa = PBXGroup;
			children = (
				54B473E01939072700048937 /* MonthlySummary.h */,
				54B473E11939072700048937 /* MonthlySummary.m */,
				54B473DD1939072600048937 /* DailySummary.h */,
				54B473DE1939072600048937 /* DailySummary.m */,
				5436F3F419212B3500B889D0 /* Entry.h */,
				5436F3F519212B3500B889D0 /* Entry.m */,
				6079657B193E3D6000A04643 /* BackgroundImage.h */,
				6079657C193E3D6000A04643 /* BackgroundImage.m */,
				54BAF79819253AC1007B2B90 /* CBDailySummaryDAO.h */,
				54BAF79919253AC1007B2B90 /* CBDailySummaryDAO.m */,
				54B473D71938F79100048937 /* CBMonthlySummaryDAO.h */,
				54B473D81938F79100048937 /* CBMonthlySummaryDAO.m */,
			);
			name = Model;
			sourceTree = "<group>";
		};
		54B1D3C2191928B000646E9D = {
			isa = PBXGroup;
			children = (
				54B1D3D4191928B000646E9D /* cashstrapped */,
				54B1D3F6191928B000646E9D /* cashstrappedTests */,
				54B1D3CD191928B000646E9D /* Frameworks */,
				54B1D3CC191928B000646E9D /* Products */,
				30F1C36DAB764763B1EC594E /* Pods.xcconfig */,
			);
			sourceTree = "<group>";
		};
		54B1D3CC191928B000646E9D /* Products */ = {
			isa = PBXGroup;
			children = (
				54B1D3CB191928B000646E9D /* cashstrapped.app */,
			);
			name = Products;
			sourceTree = "<group>";
		};
		54B1D3CD191928B000646E9D /* Frameworks */ = {
			isa = PBXGroup;
			children = (
				60A64CDE19390C0800DDCF13 /* objectiveflickr */,
				54B1D3CE191928B000646E9D /* Foundation.framework */,
				54B1D3D0191928B000646E9D /* CoreGraphics.framework */,
				54B1D3D2191928B000646E9D /* UIKit.framework */,
				54B1D3F0191928B000646E9D /* XCTest.framework */,
				DA1D6B7D2E3648399EEC2ECE /* libPods.a */,
			);
			name = Frameworks;
			sourceTree = "<group>";
		};
		54B1D3D4191928B000646E9D /* cashstrapped */ = {
			isa = PBXGroup;
			children = (
				60ED43BB1942321D0093381A /* Helper */,
				60265B931938FA0500C7DDB9 /* Cells */,
				605C8020192E6B600031413E /* Custom Views */,
				60C53736192A904E00F40B05 /* Categories */,
				5436F3F719212B5100B889D0 /* Model */,
				54B1D3E0191928B000646E9D /* Main.storyboard */,
				54B1D3DD191928B000646E9D /* CBAppDelegate.h */,
				54B1D3DE191928B000646E9D /* CBAppDelegate.m */,
				54B473DA1939036000048937 /* CBHistoryViewController.h */,
				54B473DB1939036000048937 /* CBHistoryViewController.m */,
				54B1D3E3191928B000646E9D /* CBMainViewController.h */,
				54B1D3E4191928B000646E9D /* CBMainViewController.m */,
				54B1D3E6191928B000646E9D /* CBAddExpenseViewController.h */,
				54B1D3E7191928B000646E9D /* CBAddExpenseViewController.m */,
				60C53730192A7BCD00F40B05 /* CBSettingsViewController.h */,
				60C53731192A7BCD00F40B05 /* CBSettingsViewController.m */,
				54B1D3E9191928B000646E9D /* Images.xcassets */,
				54B1D3D5191928B000646E9D /* Supporting Files */,
			);
			path = cashstrapped;
			sourceTree = "<group>";
		};
		54B1D3D5191928B000646E9D /* Supporting Files */ = {
			isa = PBXGroup;
			children = (
				5436F3F11921244E00B889D0 /* CashStrapped.xcdatamodeld */,
				54B1D3D6191928B000646E9D /* cashstrapped-Info.plist */,
				54B1D3D7191928B000646E9D /* InfoPlist.strings */,
				54B1D3DA191928B000646E9D /* main.m */,
				54B1D3DC191928B000646E9D /* cashstrapped-Prefix.pch */,
			);
			name = "Supporting Files";
			sourceTree = "<group>";
		};
		54B1D3F6191928B000646E9D /* cashstrappedTests */ = {
			isa = PBXGroup;
			children = (
				54B1D3FC191928B000646E9D /* cashstrappedTests.m */,
				54B1D3F7191928B000646E9D /* Supporting Files */,
			);
			path = cashstrappedTests;
			sourceTree = "<group>";
		};
		54B1D3F7191928B000646E9D /* Supporting Files */ = {
			isa = PBXGroup;
			children = (
				54B1D3F8191928B000646E9D /* cashstrappedTests-Info.plist */,
				54B1D3F9191928B000646E9D /* InfoPlist.strings */,
			);
			name = "Supporting Files";
			sourceTree = "<group>";
		};
		60265B931938FA0500C7DDB9 /* Cells */ = {
			isa = PBXGroup;
			children = (
				60265B941938FA2000C7DDB9 /* GITextSettingCell.h */,
				60265B951938FA2000C7DDB9 /* GITextSettingCell.m */,
				60265B961938FA2000C7DDB9 /* GISwitchSettingCell.h */,
				60265B971938FA2000C7DDB9 /* GISwitchSettingCell.m */,
			);
			name = Cells;
			sourceTree = "<group>";
		};
		605C8020192E6B600031413E /* Custom Views */ = {
			isa = PBXGroup;
			children = (
				605C8021192E6B710031413E /* CBDashboardView.h */,
				605C8022192E6B710031413E /* CBDashboardView.m */,
				605C8024192E778F0031413E /* CBLabel.h */,
				605C8025192E778F0031413E /* CBLabel.m */,
				54067D37193E3FDE007C0B78 /* CBHistoryTableViewCell.h */,
				54067D38193E3FDE007C0B78 /* CBHistoryTableViewCell.m */,
			);
			name = "Custom Views";
			sourceTree = "<group>";
		};
		60A64CDE19390C0800DDCF13 /* objectiveflickr */ = {
			isa = PBXGroup;
			children = (
				60A64CDF19390C0800DDCF13 /* .gitignore */,
				60A64CE019390C0800DDCF13 /* BridgeSupport */,
				60A64CE219390C0800DDCF13 /* ObjectiveFlickr.h */,
				60A64CE319390C0800DDCF13 /* ObjectiveFlickr.m */,
				60A64CE419390C0800DDCF13 /* OFUtilities.h */,
				60A64CE519390C0800DDCF13 /* OFUtilities.m */,
				60A64CE619390C0800DDCF13 /* README.md */,
			);
			path = objectiveflickr;
			sourceTree = "<group>";
		};
		60A64CE019390C0800DDCF13 /* BridgeSupport */ = {
			isa = PBXGroup;
			children = (
				60A64CE119390C0800DDCF13 /* ObjectiveFlickr.bridgesupport */,
			);
			path = BridgeSupport;
			sourceTree = "<group>";
		};
		60C53736192A904E00F40B05 /* Categories */ = {
			isa = PBXGroup;
			children = (
				60C53733192A8F9D00F40B05 /* UIImage+Colors.h */,
				60C53734192A8F9D00F40B05 /* UIImage+Colors.m */,
				6079657E193E456400A04643 /* NSDate+Utils.h */,
				6079657F193E456400A04643 /* NSDate+Utils.m */,
			);
			name = Categories;
			sourceTree = "<group>";
		};
		60ED43BB1942321D0093381A /* Helper */ = {
			isa = PBXGroup;
			children = (
				60ED43BC194232330093381A /* GISettingsHelper.h */,
				60ED43BD194232330093381A /* GISettingsHelper.m */,
				60ED43BF194232DC0093381A /* CBChangeover.h */,
				60ED43C0194232DC0093381A /* CBChangeover.m */,
			);
			name = Helper;
			sourceTree = "<group>";
		};
/* End PBXGroup section */

/* Begin PBXNativeTarget section */
		54B1D3CA191928B000646E9D /* cashstrapped */ = {
			isa = PBXNativeTarget;
			buildConfigurationList = 54B1D400191928B000646E9D /* Build configuration list for PBXNativeTarget "cashstrapped" */;
			buildPhases = (
				622B3FA439FB4ABA9CC22F7B /* Check Pods Manifest.lock */,
				54B1D3C7191928B000646E9D /* Sources */,
				54B1D3C8191928B000646E9D /* Frameworks */,
				54B1D3C9191928B000646E9D /* Resources */,
				8AA31C4DBEE44CA5BE3A101E /* Copy Pods Resources */,
			);
			buildRules = (
			);
			dependencies = (
			);
			name = cashstrapped;
			productName = cashstrapped;
			productReference = 54B1D3CB191928B000646E9D /* cashstrapped.app */;
			productType = "com.apple.product-type.application";
		};
/* End PBXNativeTarget section */

/* Begin PBXProject section */
		54B1D3C3191928B000646E9D /* Project object */ = {
			isa = PBXProject;
			attributes = {
				CLASSPREFIX = CB;
				LastUpgradeCheck = 0510;
				ORGANIZATIONNAME = "Cannonball HQ";
			};
			buildConfigurationList = 54B1D3C6191928B000646E9D /* Build configuration list for PBXProject "cashstrapped" */;
			compatibilityVersion = "Xcode 3.2";
			developmentRegion = English;
			hasScannedForEncodings = 0;
			knownRegions = (
				en,
				Base,
			);
			mainGroup = 54B1D3C2191928B000646E9D;
			productRefGroup = 54B1D3CC191928B000646E9D /* Products */;
			projectDirPath = "";
			projectRoot = "";
			targets = (
				54B1D3CA191928B000646E9D /* cashstrapped */,
			);
		};
/* End PBXProject section */

/* Begin PBXResourcesBuildPhase section */
		54B1D3C9191928B000646E9D /* Resources */ = {
			isa = PBXResourcesBuildPhase;
			buildActionMask = 2147483647;
			files = (
				60A64CEB19390C0800DDCF13 /* README.md in Resources */,
				60A64CE719390C0800DDCF13 /* .gitignore in Resources */,
				54B1D3EA191928B000646E9D /* Images.xcassets in Resources */,
				60A64CE819390C0800DDCF13 /* ObjectiveFlickr.bridgesupport in Resources */,
				54B1D3D9191928B000646E9D /* InfoPlist.strings in Resources */,
				54B1D3E2191928B000646E9D /* Main.storyboard in Resources */,
			);
			runOnlyForDeploymentPostprocessing = 0;
		};
/* End PBXResourcesBuildPhase section */

/* Begin PBXShellScriptBuildPhase section */
		622B3FA439FB4ABA9CC22F7B /* Check Pods Manifest.lock */ = {
			isa = PBXShellScriptBuildPhase;
			buildActionMask = 2147483647;
			files = (
			);
			inputPaths = (
			);
			name = "Check Pods Manifest.lock";
			outputPaths = (
			);
			runOnlyForDeploymentPostprocessing = 0;
			shellPath = /bin/sh;
			shellScript = "diff \"${PODS_ROOT}/../Podfile.lock\" \"${PODS_ROOT}/Manifest.lock\" > /dev/null\nif [[ $? != 0 ]] ; then\n    cat << EOM\nerror: The sandbox is not in sync with the Podfile.lock. Run 'pod install' or update your CocoaPods installation.\nEOM\n    exit 1\nfi\n";
			showEnvVarsInLog = 0;
		};
		8AA31C4DBEE44CA5BE3A101E /* Copy Pods Resources */ = {
			isa = PBXShellScriptBuildPhase;
			buildActionMask = 2147483647;
			files = (
			);
			inputPaths = (
			);
			name = "Copy Pods Resources";
			outputPaths = (
			);
			runOnlyForDeploymentPostprocessing = 0;
			shellPath = /bin/sh;
			shellScript = "\"${SRCROOT}/Pods/Pods-resources.sh\"\n";
			showEnvVarsInLog = 0;
		};
/* End PBXShellScriptBuildPhase section */

/* Begin PBXSourcesBuildPhase section */
		54B1D3C7191928B000646E9D /* Sources */ = {
			isa = PBXSourcesBuildPhase;
			buildActionMask = 2147483647;
			files = (
				54BAF79A19253AC1007B2B90 /* CBDailySummaryDAO.m in Sources */,
				60796580193E456400A04643 /* NSDate+Utils.m in Sources */,
				605C8023192E6B710031413E /* CBDashboardView.m in Sources */,
				60A64CE919390C0800DDCF13 /* ObjectiveFlickr.m in Sources */,
				6079657D193E3D6000A04643 /* BackgroundImage.m in Sources */,
				54B473DC1939036000048937 /* CBHistoryViewController.m in Sources */,
				60265B991938FA2000C7DDB9 /* GISwitchSettingCell.m in Sources */,
				5436F3F619212B3500B889D0 /* Entry.m in Sources */,
				60265B981938FA2000C7DDB9 /* GITextSettingCell.m in Sources */,
				54B1D3E5191928B000646E9D /* CBMainViewController.m in Sources */,
				54B473DF1939072600048937 /* DailySummary.m in Sources */,
				54B473D91938F79100048937 /* CBMonthlySummaryDAO.m in Sources */,
				5436F3F31921244E00B889D0 /* CashStrapped.xcdatamodeld in Sources */,
				54B1D3E8191928B000646E9D /* CBAddExpenseViewController.m in Sources */,
				54B1D3DB191928B000646E9D /* main.m in Sources */,
				54067D39193E3FDE007C0B78 /* CBHistoryTableViewCell.m in Sources */,
				60ED43C1194232DC0093381A /* CBChangeover.m in Sources */,
				60C53732192A7BCD00F40B05 /* CBSettingsViewController.m in Sources */,
				605C8026192E778F0031413E /* CBLabel.m in Sources */,
				54B473E21939072700048937 /* MonthlySummary.m in Sources */,
				54B1D3DF191928B000646E9D /* CBAppDelegate.m in Sources */,
				60A64CEA19390C0800DDCF13 /* OFUtilities.m in Sources */,
				60C53735192A8F9D00F40B05 /* UIImage+Colors.m in Sources */,
				60ED43BE194232330093381A /* GISettingsHelper.m in Sources */,
			);
			runOnlyForDeploymentPostprocessing = 0;
		};
/* End PBXSourcesBuildPhase section */

/* Begin PBXVariantGroup section */
		54B1D3D7191928B000646E9D /* InfoPlist.strings */ = {
			isa = PBXVariantGroup;
			children = (
				54B1D3D8191928B000646E9D /* en */,
			);
			name = InfoPlist.strings;
			sourceTree = "<group>";
		};
		54B1D3E0191928B000646E9D /* Main.storyboard */ = {
			isa = PBXVariantGroup;
			children = (
				54B1D3E1191928B000646E9D /* Base */,
			);
			name = Main.storyboard;
			sourceTree = "<group>";
		};
		54B1D3F9191928B000646E9D /* InfoPlist.strings */ = {
			isa = PBXVariantGroup;
			children = (
				54B1D3FA191928B000646E9D /* en */,
			);
			name = InfoPlist.strings;
			sourceTree = "<group>";
		};
/* End PBXVariantGroup section */

/* Begin XCBuildConfiguration section */
		54B1D3FE191928B000646E9D /* Debug */ = {
			isa = XCBuildConfiguration;
			buildSettings = {
				ALWAYS_SEARCH_USER_PATHS = NO;
				CLANG_CXX_LANGUAGE_STANDARD = "gnu++0x";
				CLANG_CXX_LIBRARY = "libc++";
				CLANG_ENABLE_MODULES = YES;
				CLANG_ENABLE_OBJC_ARC = YES;
				CLANG_WARN_BOOL_CONVERSION = YES;
				CLANG_WARN_CONSTANT_CONVERSION = YES;
				CLANG_WARN_DIRECT_OBJC_ISA_USAGE = YES_ERROR;
				CLANG_WARN_EMPTY_BODY = YES;
				CLANG_WARN_ENUM_CONVERSION = YES;
				CLANG_WARN_INT_CONVERSION = YES;
				CLANG_WARN_OBJC_ROOT_CLASS = YES_ERROR;
				CLANG_WARN__DUPLICATE_METHOD_MATCH = YES;
				"CODE_SIGN_IDENTITY[sdk=iphoneos*]" = "iPhone Developer";
				COPY_PHASE_STRIP = NO;
				GCC_C_LANGUAGE_STANDARD = gnu99;
				GCC_DYNAMIC_NO_PIC = NO;
				GCC_OPTIMIZATION_LEVEL = 0;
				GCC_PREPROCESSOR_DEFINITIONS = (
					"DEBUG=1",
					"$(inherited)",
				);
				GCC_SYMBOLS_PRIVATE_EXTERN = NO;
				GCC_WARN_64_TO_32_BIT_CONVERSION = YES;
				GCC_WARN_ABOUT_RETURN_TYPE = YES_ERROR;
				GCC_WARN_UNDECLARED_SELECTOR = YES;
				GCC_WARN_UNINITIALIZED_AUTOS = YES_AGGRESSIVE;
				GCC_WARN_UNUSED_FUNCTION = YES;
				GCC_WARN_UNUSED_VARIABLE = YES;
				IPHONEOS_DEPLOYMENT_TARGET = 7.1;
				ONLY_ACTIVE_ARCH = YES;
				SDKROOT = iphoneos;
			};
			name = Debug;
		};
		54B1D3FF191928B000646E9D /* Release */ = {
			isa = XCBuildConfiguration;
			buildSettings = {
				ALWAYS_SEARCH_USER_PATHS = NO;
				CLANG_CXX_LANGUAGE_STANDARD = "gnu++0x";
				CLANG_CXX_LIBRARY = "libc++";
				CLANG_ENABLE_MODULES = YES;
				CLANG_ENABLE_OBJC_ARC = YES;
				CLANG_WARN_BOOL_CONVERSION = YES;
				CLANG_WARN_CONSTANT_CONVERSION = YES;
				CLANG_WARN_DIRECT_OBJC_ISA_USAGE = YES_ERROR;
				CLANG_WARN_EMPTY_BODY = YES;
				CLANG_WARN_ENUM_CONVERSION = YES;
				CLANG_WARN_INT_CONVERSION = YES;
				CLANG_WARN_OBJC_ROOT_CLASS = YES_ERROR;
				CLANG_WARN__DUPLICATE_METHOD_MATCH = YES;
				"CODE_SIGN_IDENTITY[sdk=iphoneos*]" = "iPhone Developer";
				COPY_PHASE_STRIP = YES;
				ENABLE_NS_ASSERTIONS = NO;
				GCC_C_LANGUAGE_STANDARD = gnu99;
				GCC_WARN_64_TO_32_BIT_CONVERSION = YES;
				GCC_WARN_ABOUT_RETURN_TYPE = YES_ERROR;
				GCC_WARN_UNDECLARED_SELECTOR = YES;
				GCC_WARN_UNINITIALIZED_AUTOS = YES_AGGRESSIVE;
				GCC_WARN_UNUSED_FUNCTION = YES;
				GCC_WARN_UNUSED_VARIABLE = YES;
				IPHONEOS_DEPLOYMENT_TARGET = 7.1;
				SDKROOT = iphoneos;
				VALIDATE_PRODUCT = YES;
			};
			name = Release;
		};
		54B1D401191928B000646E9D /* Debug */ = {
			isa = XCBuildConfiguration;
			baseConfigurationReference = 30F1C36DAB764763B1EC594E /* Pods.xcconfig */;
			buildSettings = {
				ASSETCATALOG_COMPILER_APPICON_NAME = AppIcon;
				ASSETCATALOG_COMPILER_LAUNCHIMAGE_NAME = LaunchImage;
				GCC_PRECOMPILE_PREFIX_HEADER = YES;
				GCC_PREFIX_HEADER = "cashstrapped/cashstrapped-Prefix.pch";
				INFOPLIST_FILE = "cashstrapped/cashstrapped-Info.plist";
				PRODUCT_NAME = "$(TARGET_NAME)";
				WRAPPER_EXTENSION = app;
			};
			name = Debug;
		};
		54B1D402191928B000646E9D /* Release */ = {
			isa = XCBuildConfiguration;
			baseConfigurationReference = 30F1C36DAB764763B1EC594E /* Pods.xcconfig */;
			buildSettings = {
				ASSETCATALOG_COMPILER_APPICON_NAME = AppIcon;
				ASSETCATALOG_COMPILER_LAUNCHIMAGE_NAME = LaunchImage;
				GCC_PRECOMPILE_PREFIX_HEADER = YES;
				GCC_PREFIX_HEADER = "cashstrapped/cashstrapped-Prefix.pch";
				INFOPLIST_FILE = "cashstrapped/cashstrapped-Info.plist";
				PRODUCT_NAME = "$(TARGET_NAME)";
				WRAPPER_EXTENSION = app;
			};
			name = Release;
		};
/* End XCBuildConfiguration section */

/* Begin XCConfigurationList section */
		54B1D3C6191928B000646E9D /* Build configuration list for PBXProject "cashstrapped" */ = {
			isa = XCConfigurationList;
			buildConfigurations = (
				54B1D3FE191928B000646E9D /* Debug */,
				54B1D3FF191928B000646E9D /* Release */,
			);
			defaultConfigurationIsVisible = 0;
			defaultConfigurationName = Release;
		};
		54B1D400191928B000646E9D /* Build configuration list for PBXNativeTarget "cashstrapped" */ = {
			isa = XCConfigurationList;
			buildConfigurations = (
				54B1D401191928B000646E9D /* Debug */,
				54B1D402191928B000646E9D /* Release */,
			);
			defaultConfigurationIsVisible = 0;
			defaultConfigurationName = Release;
		};
/* End XCConfigurationList section */

/* Begin XCVersionGroup section */
		5436F3F11921244E00B889D0 /* CashStrapped.xcdatamodeld */ = {
			isa = XCVersionGroup;
			children = (
				5436F3F21921244E00B889D0 /* CashStrapped.xcdatamodel */,
			);
			currentVersion = 5436F3F21921244E00B889D0 /* CashStrapped.xcdatamodel */;
			name = CashStrapped.xcdatamodeld;
			path = ../CashStrapped.xcdatamodeld;
			sourceTree = "<group>";
			versionGroupType = wrapper.xcdatamodel;
		};
/* End XCVersionGroup section */
	};
	rootObject = 54B1D3C3191928B000646E9D /* Project object */;
}
